
Microsoft Visual Studio Solution File, Format Version 12.00
# Visual Studio Version 16
VisualStudioVersion = 16.0.30717.126
MinimumVisualStudioVersion = 10.0.40219.1
Project("{FAE04EC0-301F-11D3-BF4B-00C04F79EFBC}") = "PersonnWPF", "PersonnWPF\PersonnWPF.csproj", "{38292E53-DCD4-4B6C-9F0F-04A865BFFB94}"
EndProject
Global
	GlobalSection(SolutionConfigurationPlatforms) = preSolution
		Debug|Any CPU = Debug|Any CPU
		Release|Any CPU = Release|Any CPU
	EndGlobalSection
	GlobalSection(ProjectConfigurationPlatforms) = postSolution
		{38292E53-DCD4-4B6C-9F0F-04A865BFFB94}.Debug|Any CPU.ActiveCfg = Debug|Any CPU
		{38292E53-DCD4-4B6C-9F0F-04A865BFFB94}.Debug|Any CPU.Build.0 = Debug|Any CPU
		{38292E53-DCD4-4B6C-9F0F-04A865BFFB94}.Release|Any CPU.ActiveCfg = Release|Any CPU
		{38292E53-DCD4-4B6C-9F0F-04A865BFFB94}.Release|Any CPU.Build.0 = Release|Any CPU
	EndGlobalSection
	GlobalSection(SolutionProperties) = preSolution
		HideSolutionNode = FALSE
	EndGlobalSection
	GlobalSection(ExtensibilityGlobals) = postSolution
		SolutionGuid = {A50F03EC-A16E-48AC-9780-BBC3841606B7}
	EndGlobalSection
EndGlobal
